// !$*UTF8*$!
{
	archiveVersion = 1;
	classes = {
	};
	objectVersion = 46;
	objects = {

/* Begin PBXBuildFile section */
		ADF9FFC680A00BA9E4D24F7C /* libPods-BarrageRendererDemo.a in Frameworks */ = {isa = PBXBuildFile; fileRef = 29884472DF4A619E65B68A0B /* libPods-BarrageRendererDemo.a */; };
		CC853E161BFCBE6A000C1FEC /* AdvancedBarrageController.m in Sources */ = {isa = PBXBuildFile; fileRef = CC853E101BFCBE6A000C1FEC /* AdvancedBarrageController.m */; };
		CC853E171BFCBE6A000C1FEC /* BarrageWalkImageTextSprite.m in Sources */ = {isa = PBXBuildFile; fileRef = CC853E121BFCBE6A000C1FEC /* BarrageWalkImageTextSprite.m */; };
		CC853E181BFCBE6A000C1FEC /* CommonBarrageController.m in Sources */ = {isa = PBXBuildFile; fileRef = CC853E151BFCBE6A000C1FEC /* CommonBarrageController.m */; };
		CCC0B4A21B6549C40088CFDE /* avatar.png in Resources */ = {isa = PBXBuildFile; fileRef = CCC0B4A11B6549C40088CFDE /* avatar.png */; };
		CCC0B4A51B654DD50088CFDE /* UIImage+Barrage.m in Sources */ = {isa = PBXBuildFile; fileRef = CCC0B4A41B654DD50088CFDE /* UIImage+Barrage.m */; };
		CCD2D7CC1DFED7F3003C8DE2 /* MLEmojiLabel+BarrageView.m in Sources */ = {isa = PBXBuildFile; fileRef = CCD2D7CB1DFED7F3003C8DE2 /* MLEmojiLabel+BarrageView.m */; };
		CCECEDCB1B5662F500098E7A /* main.m in Sources */ = {isa = PBXBuildFile; fileRef = CCECEDCA1B5662F500098E7A /* main.m */; };
		CCECEDCE1B5662F500098E7A /* AppDelegate.m in Sources */ = {isa = PBXBuildFile; fileRef = CCECEDCD1B5662F500098E7A /* AppDelegate.m */; };
		CCECEDD41B5662F500098E7A /* Main.storyboard in Resources */ = {isa = PBXBuildFile; fileRef = CCECEDD21B5662F500098E7A /* Main.storyboard */; };
		CCECEDD61B5662F500098E7A /* Images.xcassets in Resources */ = {isa = PBXBuildFile; fileRef = CCECEDD51B5662F500098E7A /* Images.xcassets */; };
		CCECEDD91B5662F500098E7A /* LaunchScreen.xib in Resources */ = {isa = PBXBuildFile; fileRef = CCECEDD71B5662F500098E7A /* LaunchScreen.xib */; };
		CCECEDF11B56673E00098E7A /* NSSafeObject.m in Sources */ = {isa = PBXBuildFile; fileRef = CCECEDF01B56673E00098E7A /* NSSafeObject.m */; };
		D0771AAC1F210DAB0092BC2A /* AvatarBarrageView.m in Sources */ = {isa = PBXBuildFile; fileRef = D0771AAB1F210DAB0092BC2A /* AvatarBarrageView.m */; };
		D0B2110C1F226D4800905D24 /* FlowerBarrageSprite.m in Sources */ = {isa = PBXBuildFile; fileRef = D0B2110B1F226D4800905D24 /* FlowerBarrageSprite.m */; };
/* End PBXBuildFile section */

/* Begin PBXFileReference section */
		1B4AA4F8C40F9CCA4E403615 /* Pods-BarrageRendererDemo.debug.xcconfig */ = {isa = PBXFileReference; includeInIndex = 1; lastKnownFileType = text.xcconfig; name = "Pods-BarrageRendererDemo.debug.xcconfig"; path = "Pods/Target Support Files/Pods-BarrageRendererDemo/Pods-BarrageRendererDemo.debug.xcconfig"; sourceTree = "<group>"; };
		29884472DF4A619E65B68A0B /* libPods-BarrageRendererDemo.a */ = {isa = PBXFileReference; explicitFileType = archive.ar; includeInIndex = 0; path = "libPods-BarrageRendererDemo.a"; sourceTree = BUILT_PRODUCTS_DIR; };
		52A68FC2D7818C1433F4955A /* Pods-BarrageRendererDemo.release.xcconfig */ = {isa = PBXFileReference; includeInIndex = 1; lastKnownFileType = text.xcconfig; name = "Pods-BarrageRendererDemo.release.xcconfig"; path = "Pods/Target Support Files/Pods-BarrageRendererDemo/Pods-BarrageRendererDemo.release.xcconfig"; sourceTree = "<group>"; };
		CC853E0F1BFCBE6A000C1FEC /* AdvancedBarrageController.h */ = {isa = PBXFileReference; fileEncoding = 4; lastKnownFileType = sourcecode.c.h; path = AdvancedBarrageController.h; sourceTree = "<group>"; };
		CC853E101BFCBE6A000C1FEC /* AdvancedBarrageController.m */ = {isa = PBXFileReference; fileEncoding = 4; lastKnownFileType = sourcecode.c.objc; path = AdvancedBarrageController.m; sourceTree = "<group>"; };
		CC853E111BFCBE6A000C1FEC /* BarrageWalkImageTextSprite.h */ = {isa = PBXFileReference; fileEncoding = 4; lastKnownFileType = sourcecode.c.h; path = BarrageWalkImageTextSprite.h; sourceTree = "<group>"; };
		CC853E121BFCBE6A000C1FEC /* BarrageWalkImageTextSprite.m */ = {isa = PBXFileReference; fileEncoding = 4; lastKnownFileType = sourcecode.c.objc; path = BarrageWalkImageTextSprite.m; sourceTree = "<group>"; };
		CC853E141BFCBE6A000C1FEC /* CommonBarrageController.h */ = {isa = PBXFileReference; fileEncoding = 4; lastKnownFileType = sourcecode.c.h; path = CommonBarrageController.h; sourceTree = "<group>"; };
		CC853E151BFCBE6A000C1FEC /* CommonBarrageController.m */ = {isa = PBXFileReference; fileEncoding = 4; lastKnownFileType = sourcecode.c.objc; path = CommonBarrageController.m; sourceTree = "<group>"; };
		CCC0B4A11B6549C40088CFDE /* avatar.png */ = {isa = PBXFileReference; lastKnownFileType = image.png; path = avatar.png; sourceTree = "<group>"; };
		CCC0B4A31B654DD50088CFDE /* UIImage+Barrage.h */ = {isa = PBXFileReference; fileEncoding = 4; lastKnownFileType = sourcecode.c.h; path = "UIImage+Barrage.h"; sourceTree = "<group>"; };
		CCC0B4A41B654DD50088CFDE /* UIImage+Barrage.m */ = {isa = PBXFileReference; fileEncoding = 4; lastKnownFileType = sourcecode.c.objc; path = "UIImage+Barrage.m"; sourceTree = "<group>"; };
		CCD2D7CA1DFED7F3003C8DE2 /* MLEmojiLabel+BarrageView.h */ = {isa = PBXFileReference; fileEncoding = 4; lastKnownFileType = sourcecode.c.h; path = "MLEmojiLabel+BarrageView.h"; sourceTree = "<group>"; };
		CCD2D7CB1DFED7F3003C8DE2 /* MLEmojiLabel+BarrageView.m */ = {isa = PBXFileReference; fileEncoding = 4; lastKnownFileType = sourcecode.c.objc; path = "MLEmojiLabel+BarrageView.m"; sourceTree = "<group>"; };
		CCECEDC51B5662F500098E7A /* BarrageRendererDemo.app */ = {isa = PBXFileReference; explicitFileType = wrapper.application; includeInIndex = 0; path = BarrageRendererDemo.app; sourceTree = BUILT_PRODUCTS_DIR; };
		CCECEDC91B5662F500098E7A /* Info.plist */ = {isa = PBXFileReference; lastKnownFileType = text.plist.xml; path = Info.plist; sourceTree = "<group>"; };
		CCECEDCA1B5662F500098E7A /* main.m */ = {isa = PBXFileReference; lastKnownFileType = sourcecode.c.objc; path = main.m; sourceTree = "<group>"; };
		CCECEDCC1B5662F500098E7A /* AppDelegate.h */ = {isa = PBXFileReference; lastKnownFileType = sourcecode.c.h; path = AppDelegate.h; sourceTree = "<group>"; };
		CCECEDCD1B5662F500098E7A /* AppDelegate.m */ = {isa = PBXFileReference; lastKnownFileType = sourcecode.c.objc; path = AppDelegate.m; sourceTree = "<group>"; };
		CCECEDD31B5662F500098E7A /* Base */ = {isa = PBXFileReference; lastKnownFileType = file.storyboard; name = Base; path = Base.lproj/Main.storyboard; sourceTree = "<group>"; };
		CCECEDD51B5662F500098E7A /* Images.xcassets */ = {isa = PBXFileReference; lastKnownFileType = folder.assetcatalog; path = Images.xcassets; sourceTree = "<group>"; };
		CCECEDD81B5662F500098E7A /* Base */ = {isa = PBXFileReference; lastKnownFileType = file.xib; name = Base; path = Base.lproj/LaunchScreen.xib; sourceTree = "<group>"; };
		CCECEDEF1B56673E00098E7A /* NSSafeObject.h */ = {isa = PBXFileReference; fileEncoding = 4; lastKnownFileType = sourcecode.c.h; path = NSSafeObject.h; sourceTree = "<group>"; };
		CCECEDF01B56673E00098E7A /* NSSafeObject.m */ = {isa = PBXFileReference; fileEncoding = 4; lastKnownFileType = sourcecode.c.objc; path = NSSafeObject.m; sourceTree = "<group>"; };
		D0771AAA1F210DAB0092BC2A /* AvatarBarrageView.h */ = {isa = PBXFileReference; fileEncoding = 4; lastKnownFileType = sourcecode.c.h; name = AvatarBarrageView.h; path = BarrageDemo/AvatarBarrageView.h; sourceTree = "<group>"; };
		D0771AAB1F210DAB0092BC2A /* AvatarBarrageView.m */ = {isa = PBXFileReference; fileEncoding = 4; lastKnownFileType = sourcecode.c.objc; name = AvatarBarrageView.m; path = BarrageDemo/AvatarBarrageView.m; sourceTree = "<group>"; };
		D0B2110A1F226D4800905D24 /* FlowerBarrageSprite.h */ = {isa = PBXFileReference; fileEncoding = 4; lastKnownFileType = sourcecode.c.h; name = FlowerBarrageSprite.h; path = BarrageDemo/FlowerBarrageSprite.h; sourceTree = "<group>"; };
		D0B2110B1F226D4800905D24 /* FlowerBarrageSprite.m */ = {isa = PBXFileReference; fileEncoding = 4; lastKnownFileType = sourcecode.c.objc; name = FlowerBarrageSprite.m; path = BarrageDemo/FlowerBarrageSprite.m; sourceTree = "<group>"; };
/* End PBXFileReference section */

/* Begin PBXFrameworksBuildPhase section */
		CCECEDC21B5662F500098E7A /* Frameworks */ = {
			isa = PBXFrameworksBuildPhase;
			buildActionMask = 2147483647;
			files = (
				ADF9FFC680A00BA9E4D24F7C /* libPods-BarrageRendererDemo.a in Frameworks */,
			);
			runOnlyForDeploymentPostprocessing = 0;
		};
/* End PBXFrameworksBuildPhase section */

/* Begin PBXGroup section */
		6B51F37174CE27536307E887 /* Pods */ = {
			isa = PBXGroup;
			children = (
				1B4AA4F8C40F9CCA4E403615 /* Pods-BarrageRendererDemo.debug.xcconfig */,
				52A68FC2D7818C1433F4955A /* Pods-BarrageRendererDemo.release.xcconfig */,
			);
			name = Pods;
			sourceTree = "<group>";
		};
		8FC9C2B9D55BEF2F294D34DA /* Frameworks */ = {
			isa = PBXGroup;
			children = (
				29884472DF4A619E65B68A0B /* libPods-BarrageRendererDemo.a */,
			);
			name = Frameworks;
			sourceTree = "<group>";
		};
		CC853E0E1BFCBE6A000C1FEC /* AdvancedBarrage */ = {
			isa = PBXGroup;
			children = (
				CC853E0F1BFCBE6A000C1FEC /* AdvancedBarrageController.h */,
				CC853E101BFCBE6A000C1FEC /* AdvancedBarrageController.m */,
				CC853E111BFCBE6A000C1FEC /* BarrageWalkImageTextSprite.h */,
				CC853E121BFCBE6A000C1FEC /* BarrageWalkImageTextSprite.m */,
				CCD2D7CA1DFED7F3003C8DE2 /* MLEmojiLabel+BarrageView.h */,
				CCD2D7CB1DFED7F3003C8DE2 /* MLEmojiLabel+BarrageView.m */,
			);
			path = AdvancedBarrage;
			sourceTree = "<group>";
		};
		CC853E131BFCBE6A000C1FEC /* CommonBarrage */ = {
			isa = PBXGroup;
			children = (
				CC853E141BFCBE6A000C1FEC /* CommonBarrageController.h */,
				CC853E151BFCBE6A000C1FEC /* CommonBarrageController.m */,
			);
			path = CommonBarrage;
			sourceTree = "<group>";
		};
		CCECEDBC1B5662F500098E7A = {
			isa = PBXGroup;
			children = (
				CCECEDC71B5662F500098E7A /* BarrageRendererDemo */,
				CCECEDC61B5662F500098E7A /* Products */,
				6B51F37174CE27536307E887 /* Pods */,
				8FC9C2B9D55BEF2F294D34DA /* Frameworks */,
			);
			sourceTree = "<group>";
		};
		CCECEDC61B5662F500098E7A /* Products */ = {
			isa = PBXGroup;
			children = (
				CCECEDC51B5662F500098E7A /* BarrageRendererDemo.app */,
			);
			name = Products;
			sourceTree = "<group>";
		};
		CCECEDC71B5662F500098E7A /* BarrageRendererDemo */ = {
			isa = PBXGroup;
			children = (
				CC853E0E1BFCBE6A000C1FEC /* AdvancedBarrage */,
				CC853E131BFCBE6A000C1FEC /* CommonBarrage */,
				D0771AAD1F210DAF0092BC2A /* BarrageDemo */,
				CCECEDEE1B56673E00098E7A /* SafeObject */,
				CCECEDCC1B5662F500098E7A /* AppDelegate.h */,
				CCECEDCD1B5662F500098E7A /* AppDelegate.m */,
				CCC0B4A31B654DD50088CFDE /* UIImage+Barrage.h */,
				CCC0B4A41B654DD50088CFDE /* UIImage+Barrage.m */,
				CCC0B4A11B6549C40088CFDE /* avatar.png */,
				CCECEDD21B5662F500098E7A /* Main.storyboard */,
				CCECEDD51B5662F500098E7A /* Images.xcassets */,
				CCECEDD71B5662F500098E7A /* LaunchScreen.xib */,
				CCECEDC81B5662F500098E7A /* Supporting Files */,
			);
			path = BarrageRendererDemo;
			sourceTree = "<group>";
		};
		CCECEDC81B5662F500098E7A /* Supporting Files */ = {
			isa = PBXGroup;
			children = (
				CCECEDC91B5662F500098E7A /* Info.plist */,
				CCECEDCA1B5662F500098E7A /* main.m */,
			);
			name = "Supporting Files";
			sourceTree = "<group>";
		};
		CCECEDEE1B56673E00098E7A /* SafeObject */ = {
			isa = PBXGroup;
			children = (
				CCECEDEF1B56673E00098E7A /* NSSafeObject.h */,
				CCECEDF01B56673E00098E7A /* NSSafeObject.m */,
			);
			path = SafeObject;
			sourceTree = "<group>";
		};
		D0771AAD1F210DAF0092BC2A /* BarrageDemo */ = {
			isa = PBXGroup;
			children = (
				D0B2110A1F226D4800905D24 /* FlowerBarrageSprite.h */,
				D0B2110B1F226D4800905D24 /* FlowerBarrageSprite.m */,
				D0771AAA1F210DAB0092BC2A /* AvatarBarrageView.h */,
				D0771AAB1F210DAB0092BC2A /* AvatarBarrageView.m */,
			);
			name = BarrageDemo;
			sourceTree = "<group>";
		};
/* End PBXGroup section */

/* Begin PBXNativeTarget section */
		CCECEDC41B5662F500098E7A /* BarrageRendererDemo */ = {
			isa = PBXNativeTarget;
			buildConfigurationList = CCECEDE81B5662F500098E7A /* Build configuration list for PBXNativeTarget "BarrageRendererDemo" */;
			buildPhases = (
				572CE44BC040E4D2F84C6DE2 /* [CP] Check Pods Manifest.lock */,
				CCECEDC11B5662F500098E7A /* Sources */,
				CCECEDC21B5662F500098E7A /* Frameworks */,
				CCECEDC31B5662F500098E7A /* Resources */,
				28C90FF3366B6A438BADF6A1 /* [CP] Copy Pods Resources */,
			);
			buildRules = (
			);
			dependencies = (
			);
			name = BarrageRendererDemo;
			productName = BarrageRendererDemo;
			productReference = CCECEDC51B5662F500098E7A /* BarrageRendererDemo.app */;
			productType = "com.apple.product-type.application";
		};
/* End PBXNativeTarget section */

/* Begin PBXProject section */
		CCECEDBD1B5662F500098E7A /* Project object */ = {
			isa = PBXProject;
			attributes = {
				LastUpgradeCheck = 0720;
				ORGANIZATIONNAME = "ExBye Inc.";
				TargetAttributes = {
					CCECEDC41B5662F500098E7A = {
						CreatedOnToolsVersion = 6.3;
						DevelopmentTeam = C6FYK5JX7E;
						ProvisioningStyle = Manual;
					};
				};
			};
			buildConfigurationList = CCECEDC01B5662F500098E7A /* Build configuration list for PBXProject "BarrageRendererDemo" */;
			compatibilityVersion = "Xcode 3.2";
			developmentRegion = English;
			hasScannedForEncodings = 0;
			knownRegions = (
				en,
				Base,
			);
			mainGroup = CCECEDBC1B5662F500098E7A;
			productRefGroup = CCECEDC61B5662F500098E7A /* Products */;
			projectDirPath = "";
			projectRoot = "";
			targets = (
				CCECEDC41B5662F500098E7A /* BarrageRendererDemo */,
			);
		};
/* End PBXProject section */

/* Begin PBXResourcesBuildPhase section */
		CCECEDC31B5662F500098E7A /* Resources */ = {
			isa = PBXResourcesBuildPhase;
			buildActionMask = 2147483647;
			files = (
				CCC0B4A21B6549C40088CFDE /* avatar.png in Resources */,
				CCECEDD41B5662F500098E7A /* Main.storyboard in Resources */,
				CCECEDD91B5662F500098E7A /* LaunchScreen.xib in Resources */,
				CCECEDD61B5662F500098E7A /* Images.xcassets in Resources */,
			);
			runOnlyForDeploymentPostprocessing = 0;
		};
/* End PBXResourcesBuildPhase section */

/* Begin PBXShellScriptBuildPhase section */
		28C90FF3366B6A438BADF6A1 /* [CP] Copy Pods Resources */ = {
			isa = PBXShellScriptBuildPhase;
			buildActionMask = 2147483647;
			files = (
			);
			inputPaths = (
				"${PODS_ROOT}/Target Support Files/Pods-BarrageRendererDemo/Pods-BarrageRendererDemo-resources.sh",
				"${PODS_ROOT}/MLEmojiLabel/Classes/MLEmoji_Expression.plist",
				"${PODS_ROOT}/MLEmojiLabel/Classes/MLEmoji_ExpressionImage.plist",
				"${PODS_ROOT}/MLEmojiLabel/Classes/MLEmoji_Expression.bundle",
				"${PODS_ROOT}/MLEmojiLabel/Classes/MLEmoji_Expression.bundle/gifexpression.bundle",
			);
			name = "[CP] Copy Pods Resources";
			outputPaths = (
				"${TARGET_BUILD_DIR}/${UNLOCALIZED_RESOURCES_FOLDER_PATH}/MLEmoji_Expression.plist",
				"${TARGET_BUILD_DIR}/${UNLOCALIZED_RESOURCES_FOLDER_PATH}/MLEmoji_ExpressionImage.plist",
				"${TARGET_BUILD_DIR}/${UNLOCALIZED_RESOURCES_FOLDER_PATH}/MLEmoji_Expression.bundle",
				"${TARGET_BUILD_DIR}/${UNLOCALIZED_RESOURCES_FOLDER_PATH}/gifexpression.bundle",
			);
			runOnlyForDeploymentPostprocessing = 0;
			shellPath = /bin/sh;
			shellScript = "\"${PODS_ROOT}/Target Support Files/Pods-BarrageRendererDemo/Pods-BarrageRendererDemo-resources.sh\"\n";
			showEnvVarsInLog = 0;
		};
		572CE44BC040E4D2F84C6DE2 /* [CP] Check Pods Manifest.lock */ = {
			isa = PBXShellScriptBuildPhase;
			buildActionMask = 2147483647;
			files = (
			);
			inputPaths = (
				"${PODS_PODFILE_DIR_PATH}/Podfile.lock",
				"${PODS_ROOT}/Manifest.lock",
			);
			name = "[CP] Check Pods Manifest.lock";
			outputPaths = (
				"$(DERIVED_FILE_DIR)/Pods-BarrageRendererDemo-checkManifestLockResult.txt",
			);
			runOnlyForDeploymentPostprocessing = 0;
			shellPath = /bin/sh;
			shellScript = "diff \"${PODS_PODFILE_DIR_PATH}/Podfile.lock\" \"${PODS_ROOT}/Manifest.lock\" > /dev/null\nif [ $? != 0 ] ; then\n    # print error to STDERR\n    echo \"error: The sandbox is not in sync with the Podfile.lock. Run 'pod install' or update your CocoaPods installation.\" >&2\n    exit 1\nfi\n# This output is used by Xcode 'outputs' to avoid re-running this script phase.\necho \"SUCCESS\" > \"${SCRIPT_OUTPUT_FILE_0}\"\n";
			showEnvVarsInLog = 0;
		};
/* End PBXShellScriptBuildPhase section */

/* Begin PBXSourcesBuildPhase section */
		CCECEDC11B5662F500098E7A /* Sources */ = {
			isa = PBXSourcesBuildPhase;
			buildActionMask = 2147483647;
			files = (
				CCECEDF11B56673E00098E7A /* NSSafeObject.m in Sources */,
				CC853E161BFCBE6A000C1FEC /* AdvancedBarrageController.m in Sources */,
				CCC0B4A51B654DD50088CFDE /* UIImage+Barrage.m in Sources */,
				CCECEDCE1B5662F500098E7A /* AppDelegate.m in Sources */,
				D0B2110C1F226D4800905D24 /* FlowerBarrageSprite.m in Sources */,
				D0771AAC1F210DAB0092BC2A /* AvatarBarrageView.m in Sources */,
				CCD2D7CC1DFED7F3003C8DE2 /* MLEmojiLabel+BarrageView.m in Sources */,
				CC853E181BFCBE6A000C1FEC /* CommonBarrageController.m in Sources */,
				CCECEDCB1B5662F500098E7A /* main.m in Sources */,
				CC853E171BFCBE6A000C1FEC /* BarrageWalkImageTextSprite.m in Sources */,
			);
			runOnlyForDeploymentPostprocessing = 0;
		};
/* End PBXSourcesBuildPhase section */

/* Begin PBXVariantGroup section */
		CCECEDD21B5662F500098E7A /* Main.storyboard */ = {
			isa = PBXVariantGroup;
			children = (
				CCECEDD31B5662F500098E7A /* Base */,
			);
			name = Main.storyboard;
			sourceTree = "<group>";
		};
		CCECEDD71B5662F500098E7A /* LaunchScreen.xib */ = {
			isa = PBXVariantGroup;
			children = (
				CCECEDD81B5662F500098E7A /* Base */,
			);
			name = LaunchScreen.xib;
			sourceTree = "<group>";
		};
/* End PBXVariantGroup section */

/* Begin XCBuildConfiguration section */
		CCECEDE61B5662F500098E7A /* Debug */ = {
			isa = XCBuildConfiguration;
			buildSettings = {
				ALWAYS_SEARCH_USER_PATHS = NO;
				CLANG_CXX_LANGUAGE_STANDARD = "gnu++0x";
				CLANG_CXX_LIBRARY = "libc++";
				CLANG_ENABLE_MODULES = YES;
				CLANG_ENABLE_OBJC_ARC = YES;
				CLANG_WARN_BOOL_CONVERSION = YES;
				CLANG_WARN_CONSTANT_CONVERSION = YES;
				CLANG_WARN_DIRECT_OBJC_ISA_USAGE = YES_ERROR;
				CLANG_WARN_EMPTY_BODY = YES;
				CLANG_WARN_ENUM_CONVERSION = YES;
				CLANG_WARN_INT_CONVERSION = YES;
				CLANG_WARN_OBJC_ROOT_CLASS = YES_ERROR;
				CLANG_WARN_UNREACHABLE_CODE = YES;
				CLANG_WARN__DUPLICATE_METHOD_MATCH = YES;
				"CODE_SIGN_IDENTITY[sdk=iphoneos*]" = "iPhone Developer";
				COPY_PHASE_STRIP = NO;
				DEBUG_INFORMATION_FORMAT = "dwarf-with-dsym";
				ENABLE_STRICT_OBJC_MSGSEND = YES;
				ENABLE_TESTABILITY = YES;
				GCC_C_LANGUAGE_STANDARD = gnu99;
				GCC_DYNAMIC_NO_PIC = NO;
				GCC_NO_COMMON_BLOCKS = YES;
				GCC_OPTIMIZATION_LEVEL = 0;
				GCC_PREPROCESSOR_DEFINITIONS = (
					"DEBUG=1",
					"$(inherited)",
				);
				GCC_SYMBOLS_PRIVATE_EXTERN = NO;
				GCC_WARN_64_TO_32_BIT_CONVERSION = YES;
				GCC_WARN_ABOUT_RETURN_TYPE = YES_ERROR;
				GCC_WARN_UNDECLARED_SELECTOR = YES;
				GCC_WARN_UNINITIALIZED_AUTOS = YES_AGGRESSIVE;
				GCC_WARN_UNUSED_FUNCTION = YES;
				GCC_WARN_UNUSED_VARIABLE = YES;
				IPHONEOS_DEPLOYMENT_TARGET = 8.3;
				MTL_ENABLE_DEBUG_INFO = YES;
				ONLY_ACTIVE_ARCH = YES;
				SDKROOT = iphoneos;
			};
			name = Debug;
		};
		CCECEDE71B5662F500098E7A /* Release */ = {
			isa = XCBuildConfiguration;
			buildSettings = {
				ALWAYS_SEARCH_USER_PATHS = NO;
				CLANG_CXX_LANGUAGE_STANDARD = "gnu++0x";
				CLANG_CXX_LIBRARY = "libc++";
				CLANG_ENABLE_MODULES = YES;
				CLANG_ENABLE_OBJC_ARC = YES;
				CLANG_WARN_BOOL_CONVERSION = YES;
				CLANG_WARN_CONSTANT_CONVERSION = YES;
				CLANG_WARN_DIRECT_OBJC_ISA_USAGE = YES_ERROR;
				CLANG_WARN_EMPTY_BODY = YES;
				CLANG_WARN_ENUM_CONVERSION = YES;
				CLANG_WARN_INT_CONVERSION = YES;
				CLANG_WARN_OBJC_ROOT_CLASS = YES_ERROR;
				CLANG_WARN_UNREACHABLE_CODE = YES;
				CLANG_WARN__DUPLICATE_METHOD_MATCH = YES;
				"CODE_SIGN_IDENTITY[sdk=iphoneos*]" = "iPhone Developer";
				COPY_PHASE_STRIP = NO;
				DEBUG_INFORMATION_FORMAT = "dwarf-with-dsym";
				ENABLE_NS_ASSERTIONS = NO;
				ENABLE_STRICT_OBJC_MSGSEND = YES;
				GCC_C_LANGUAGE_STANDARD = gnu99;
				GCC_NO_COMMON_BLOCKS = YES;
				GCC_WARN_64_TO_32_BIT_CONVERSION = YES;
				GCC_WARN_ABOUT_RETURN_TYPE = YES_ERROR;
				GCC_WARN_UNDECLARED_SELECTOR = YES;
				GCC_WARN_UNINITIALIZED_AUTOS = YES_AGGRESSIVE;
				GCC_WARN_UNUSED_FUNCTION = YES;
				GCC_WARN_UNUSED_VARIABLE = YES;
				IPHONEOS_DEPLOYMENT_TARGET = 8.3;
				MTL_ENABLE_DEBUG_INFO = NO;
				SDKROOT = iphoneos;
				VALIDATE_PRODUCT = YES;
			};
			name = Release;
		};
		CCECEDE91B5662F500098E7A /* Debug */ = {
			isa = XCBuildConfiguration;
			baseConfigurationReference = 1B4AA4F8C40F9CCA4E403615 /* Pods-BarrageRendererDemo.debug.xcconfig */;
			buildSettings = {
				ASSETCATALOG_COMPILER_APPICON_NAME = AppIcon;
				DEVELOPMENT_TEAM = C6FYK5JX7E;
				INFOPLIST_FILE = BarrageRendererDemo/Info.plist;
				LD_RUNPATH_SEARCH_PATHS = "$(inherited) @executable_path/Frameworks";
				PRODUCT_BUNDLE_IDENTIFIER = "com.exbye.$(PRODUCT_NAME:rfc1034identifier)";
				PRODUCT_NAME = "$(TARGET_NAME)";
				PROVISIONING_PROFILE = "f80299e9-1494-464c-9397-89a33d7b021d";
				PROVISIONING_PROFILE_SPECIFIER = AllNoPushApps;
			};
			name = Debug;
		};
		CCECEDEA1B5662F500098E7A /* Release */ = {
			isa = XCBuildConfiguration;
			baseConfigurationReference = 52A68FC2D7818C1433F4955A /* Pods-BarrageRendererDemo.release.xcconfig */;
			buildSettings = {
				ASSETCATALOG_COMPILER_APPICON_NAME = AppIcon;
				DEVELOPMENT_TEAM = C6FYK5JX7E;
				INFOPLIST_FILE = BarrageRendererDemo/Info.plist;
				LD_RUNPATH_SEARCH_PATHS = "$(inherited) @executable_path/Frameworks";
				PRODUCT_BUNDLE_IDENTIFIER = "com.exbye.$(PRODUCT_NAME:rfc1034identifier)";
				PRODUCT_NAME = "$(TARGET_NAME)";
				PROVISIONING_PROFILE = "f80299e9-1494-464c-9397-89a33d7b021d";
				PROVISIONING_PROFILE_SPECIFIER = AllNoPushApps;
			};
			name = Release;
		};
/* End XCBuildConfiguration section */

/* Begin XCConfigurationList section */
		CCECEDC01B5662F500098E7A /* Build configuration list for PBXProject "BarrageRendererDemo" */ = {
			isa = XCConfigurationList;
			buildConfigurations = (
				CCECEDE61B5662F500098E7A /* Debug */,
				CCECEDE71B5662F500098E7A /* Release */,
			);
			defaultConfigurationIsVisible = 0;
			defaultConfigurationName = Release;
		};
		CCECEDE81B5662F500098E7A /* Build configuration list for PBXNativeTarget "BarrageRendererDemo" */ = {
			isa = XCConfigurationList;
			buildConfigurations = (
				CCECEDE91B5662F500098E7A /* Debug */,
				CCECEDEA1B5662F500098E7A /* Release */,
			);
			defaultConfigurationIsVisible = 0;
			defaultConfigurationName = Release;
		};
/* End XCConfigurationList section */
	};
	rootObject = CCECEDBD1B5662F500098E7A /* Project object */;
}
